
Microsoft Visual Studio Solution File, Format Version 12.00
# Visual Studio 2013
VisualStudioVersion = 12.0.30723.0
MinimumVisualStudioVersion = 10.0.40219.1
Project("{FAE04EC0-301F-11D3-BF4B-00C04F79EFBC}") = "ADPopulationApp", "ADPopulationApp\ADPopulationApp.csproj", "{05CD39DE-5C62-4021-B544-997F3D8970A1}"
EndProject
Project("{FAE04EC0-301F-11D3-BF4B-00C04F79EFBC}") = "ADPopulationApp.UI", "ADPopulationApp.UI\ADPopulationApp.UI.csproj", "{339B8534-15DC-4076-A968-53FD9C3A6305}"
EndProject
Global
	GlobalSection(SolutionConfigurationPlatforms) = preSolution
		Debug|Any CPU = Debug|Any CPU
		Release|Any CPU = Release|Any CPU
	EndGlobalSection
	GlobalSection(ProjectConfigurationPlatforms) = postSolution
		{05CD39DE-5C62-4021-B544-997F3D8970A1}.Debug|Any CPU.ActiveCfg = Debug|Any CPU
		{05CD39DE-5C62-4021-B544-997F3D8970A1}.Debug|Any CPU.Build.0 = Debug|Any CPU
		{05CD39DE-5C62-4021-B544-997F3D8970A1}.Release|Any CPU.ActiveCfg = Release|Any CPU
		{05CD39DE-5C62-4021-B544-997F3D8970A1}.Release|Any CPU.Build.0 = Release|Any CPU
		{339B8534-15DC-4076-A968-53FD9C3A6305}.Debug|Any CPU.ActiveCfg = Debug|Any CPU
		{339B8534-15DC-4076-A968-53FD9C3A6305}.Debug|Any CPU.Build.0 = Debug|Any CPU
		{339B8534-15DC-4076-A968-53FD9C3A6305}.Release|Any CPU.ActiveCfg = Release|Any CPU
		{339B8534-15DC-4076-A968-53FD9C3A6305}.Release|Any CPU.Build.0 = Release|Any CPU
	EndGlobalSection
	GlobalSection(SolutionProperties) = preSolution
		HideSolutionNode = FALSE
	EndGlobalSection
EndGlobal
